
Microsoft Visual Studio Solution File, Format Version 12.00
# Visual Studio 2012
Project("{FAE04EC0-301F-11D3-BF4B-00C04F79EFBC}") = "21_game", "21_game\21_game.csproj", "{041439C7-89C6-4622-A6CC-0434EABACBB2}"
EndProject
Project("{FAE04EC0-301F-11D3-BF4B-00C04F79EFBC}") = "21_game.Tests", "21_game.Tests\21_game.Tests.csproj", "{C5CFB121-EB9C-494C-BBD5-833F23FE8C11}"
EndProject
Global
	GlobalSection(SolutionConfigurationPlatforms) = preSolution
		Debug|Any CPU = Debug|Any CPU
		Release|Any CPU = Release|Any CPU
	EndGlobalSection
	GlobalSection(ProjectConfigurationPlatforms) = postSolution
		{041439C7-89C6-4622-A6CC-0434EABACBB2}.Debug|Any CPU.ActiveCfg = Debug|Any CPU
		{041439C7-89C6-4622-A6CC-0434EABACBB2}.Debug|Any CPU.Build.0 = Debug|Any CPU
		{041439C7-89C6-4622-A6CC-0434EABACBB2}.Release|Any CPU.ActiveCfg = Release|Any CPU
		{041439C7-89C6-4622-A6CC-0434EABACBB2}.Release|Any CPU.Build.0 = Release|Any CPU
		{C5CFB121-EB9C-494C-BBD5-833F23FE8C11}.Debug|Any CPU.ActiveCfg = Debug|Any CPU
		{C5CFB121-EB9C-494C-BBD5-833F23FE8C11}.Debug|Any CPU.Build.0 = Debug|Any CPU
		{C5CFB121-EB9C-494C-BBD5-833F23FE8C11}.Release|Any CPU.ActiveCfg = Release|Any CPU
		{C5CFB121-EB9C-494C-BBD5-833F23FE8C11}.Release|Any CPU.Build.0 = Release|Any CPU
	EndGlobalSection
	GlobalSection(SolutionProperties) = preSolution
		HideSolutionNode = FALSE
	EndGlobalSection
EndGlobal
